// !$*UTF8*$!
{
	archiveVersion = 1;
	classes = {
	};
	objectVersion = 50;
	objects = {

/* Begin PBXBuildFile section */
		DE4F127D233B954F00651DF1 /* PhotoCollectionViewCell.swift in Sources */ = {isa = PBXBuildFile; fileRef = DE4F127C233B954F00651DF1 /* PhotoCollectionViewCell.swift */; };
		DE4F127F233BA39800651DF1 /* ImageStore.swift in Sources */ = {isa = PBXBuildFile; fileRef = DE4F127E233BA39800651DF1 /* ImageStore.swift */; };
		DE4F1281233BA6B400651DF1 /* PhotoPreviewViewController.swift in Sources */ = {isa = PBXBuildFile; fileRef = DE4F1280233BA6B400651DF1 /* PhotoPreviewViewController.swift */; };
		DE56AAC32333C22C00634A26 /* AppDelegate.swift in Sources */ = {isa = PBXBuildFile; fileRef = DE56AAC22333C22C00634A26 /* AppDelegate.swift */; };
		DE56AAC82333C22C00634A26 /* Main.storyboard in Resources */ = {isa = PBXBuildFile; fileRef = DE56AAC62333C22C00634A26 /* Main.storyboard */; };
		DE56AACA2333C22D00634A26 /* Assets.xcassets in Resources */ = {isa = PBXBuildFile; fileRef = DE56AAC92333C22D00634A26 /* Assets.xcassets */; };
		DE56AACD2333C22D00634A26 /* LaunchScreen.storyboard in Resources */ = {isa = PBXBuildFile; fileRef = DE56AACB2333C22D00634A26 /* LaunchScreen.storyboard */; };
		DE56AAD82333C22D00634A26 /* PhotoramaTests.swift in Sources */ = {isa = PBXBuildFile; fileRef = DE56AAD72333C22D00634A26 /* PhotoramaTests.swift */; };
		DE56AAE32333C22D00634A26 /* PhotoramaUITests.swift in Sources */ = {isa = PBXBuildFile; fileRef = DE56AAE22333C22D00634A26 /* PhotoramaUITests.swift */; };
		DE56AAF12333C50A00634A26 /* PhotosViewController.swift in Sources */ = {isa = PBXBuildFile; fileRef = DE56AAF02333C50A00634A26 /* PhotosViewController.swift */; };
		DE56AAF32333C71100634A26 /* FlickrAPI.swift in Sources */ = {isa = PBXBuildFile; fileRef = DE56AAF22333C71100634A26 /* FlickrAPI.swift */; };
		DE56AAF52333CD5E00634A26 /* PhotoStore.swift in Sources */ = {isa = PBXBuildFile; fileRef = DE56AAF42333CD5E00634A26 /* PhotoStore.swift */; };
		DE56AAF72333D51A00634A26 /* Photo.swift in Sources */ = {isa = PBXBuildFile; fileRef = DE56AAF62333D51A00634A26 /* Photo.swift */; };
		DE9B475C233A55ED00BA47E1 /* PhotoDataSource.swift in Sources */ = {isa = PBXBuildFile; fileRef = DE9B475B233A55ED00BA47E1 /* PhotoDataSource.swift */; };
/* End PBXBuildFile section */

/* Begin PBXContainerItemProxy section */
		DE56AAD42333C22D00634A26 /* PBXContainerItemProxy */ = {
			isa = PBXContainerItemProxy;
			containerPortal = DE56AAB72333C22C00634A26 /* Project object */;
			proxyType = 1;
			remoteGlobalIDString = DE56AABE2333C22C00634A26;
			remoteInfo = Photorama;
		};
		DE56AADF2333C22D00634A26 /* PBXContainerItemProxy */ = {
			isa = PBXContainerItemProxy;
			containerPortal = DE56AAB72333C22C00634A26 /* Project object */;
			proxyType = 1;
			remoteGlobalIDString = DE56AABE2333C22C00634A26;
			remoteInfo = Photorama;
		};
/* End PBXContainerItemProxy section */

/* Begin PBXFileReference section */
		DE4F127C233B954F00651DF1 /* PhotoCollectionViewCell.swift */ = {isa = PBXFileReference; lastKnownFileType = sourcecode.swift; path = PhotoCollectionViewCell.swift; sourceTree = "<group>"; };
		DE4F127E233BA39800651DF1 /* ImageStore.swift */ = {isa = PBXFileReference; fileEncoding = 4; lastKnownFileType = sourcecode.swift; path = ImageStore.swift; sourceTree = "<group>"; };
		DE4F1280233BA6B400651DF1 /* PhotoPreviewViewController.swift */ = {isa = PBXFileReference; lastKnownFileType = sourcecode.swift; path = PhotoPreviewViewController.swift; sourceTree = "<group>"; };
		DE56AABF2333C22C00634A26 /* Photorama.app */ = {isa = PBXFileReference; explicitFileType = wrapper.application; includeInIndex = 0; path = Photorama.app; sourceTree = BUILT_PRODUCTS_DIR; };
		DE56AAC22333C22C00634A26 /* AppDelegate.swift */ = {isa = PBXFileReference; lastKnownFileType = sourcecode.swift; path = AppDelegate.swift; sourceTree = "<group>"; };
		DE56AAC72333C22C00634A26 /* Base */ = {isa = PBXFileReference; lastKnownFileType = file.storyboard; name = Base; path = Base.lproj/Main.storyboard; sourceTree = "<group>"; };
		DE56AAC92333C22D00634A26 /* Assets.xcassets */ = {isa = PBXFileReference; lastKnownFileType = folder.assetcatalog; path = Assets.xcassets; sourceTree = "<group>"; };
		DE56AACC2333C22D00634A26 /* Base */ = {isa = PBXFileReference; lastKnownFileType = file.storyboard; name = Base; path = Base.lproj/LaunchScreen.storyboard; sourceTree = "<group>"; };
		DE56AACE2333C22D00634A26 /* Info.plist */ = {isa = PBXFileReference; lastKnownFileType = text.plist.xml; path = Info.plist; sourceTree = "<group>"; };
		DE56AAD32333C22D00634A26 /* PhotoramaTests.xctest */ = {isa = PBXFileReference; explicitFileType = wrapper.cfbundle; includeInIndex = 0; path = PhotoramaTests.xctest; sourceTree = BUILT_PRODUCTS_DIR; };
		DE56AAD72333C22D00634A26 /* PhotoramaTests.swift */ = {isa = PBXFileReference; lastKnownFileType = sourcecode.swift; path = PhotoramaTests.swift; sourceTree = "<group>"; };
		DE56AAD92333C22D00634A26 /* Info.plist */ = {isa = PBXFileReference; lastKnownFileType = text.plist.xml; path = Info.plist; sourceTree = "<group>"; };
		DE56AADE2333C22D00634A26 /* PhotoramaUITests.xctest */ = {isa = PBXFileReference; explicitFileType = wrapper.cfbundle; includeInIndex = 0; path = PhotoramaUITests.xctest; sourceTree = BUILT_PRODUCTS_DIR; };
		DE56AAE22333C22D00634A26 /* PhotoramaUITests.swift */ = {isa = PBXFileReference; lastKnownFileType = sourcecode.swift; path = PhotoramaUITests.swift; sourceTree = "<group>"; };
		DE56AAE42333C22D00634A26 /* Info.plist */ = {isa = PBXFileReference; lastKnownFileType = text.plist.xml; path = Info.plist; sourceTree = "<group>"; };
		DE56AAF02333C50A00634A26 /* PhotosViewController.swift */ = {isa = PBXFileReference; lastKnownFileType = sourcecode.swift; path = PhotosViewController.swift; sourceTree = "<group>"; };
		DE56AAF22333C71100634A26 /* FlickrAPI.swift */ = {isa = PBXFileReference; lastKnownFileType = sourcecode.swift; path = FlickrAPI.swift; sourceTree = "<group>"; };
		DE56AAF42333CD5E00634A26 /* PhotoStore.swift */ = {isa = PBXFileReference; lastKnownFileType = sourcecode.swift; path = PhotoStore.swift; sourceTree = "<group>"; };
		DE56AAF62333D51A00634A26 /* Photo.swift */ = {isa = PBXFileReference; lastKnownFileType = sourcecode.swift; path = Photo.swift; sourceTree = "<group>"; };
		DE9B475B233A55ED00BA47E1 /* PhotoDataSource.swift */ = {isa = PBXFileReference; lastKnownFileType = sourcecode.swift; path = PhotoDataSource.swift; sourceTree = "<group>"; };
/* End PBXFileReference section */

/* Begin PBXFrameworksBuildPhase section */
		DE56AABC2333C22C00634A26 /* Frameworks */ = {
			isa = PBXFrameworksBuildPhase;
			buildActionMask = 2147483647;
			files = (
			);
			runOnlyForDeploymentPostprocessing = 0;
		};
		DE56AAD02333C22D00634A26 /* Frameworks */ = {
			isa = PBXFrameworksBuildPhase;
			buildActionMask = 2147483647;
			files = (
			);
			runOnlyForDeploymentPostprocessing = 0;
		};
		DE56AADB2333C22D00634A26 /* Frameworks */ = {
			isa = PBXFrameworksBuildPhase;
			buildActionMask = 2147483647;
			files = (
			);
			runOnlyForDeploymentPostprocessing = 0;
		};
/* End PBXFrameworksBuildPhase section */

/* Begin PBXGroup section */
		DE56AAB62333C22C00634A26 = {
			isa = PBXGroup;
			children = (
				DE56AAC12333C22C00634A26 /* Photorama */,
				DE56AAD62333C22D00634A26 /* PhotoramaTests */,
				DE56AAE12333C22D00634A26 /* PhotoramaUITests */,
				DE56AAC02333C22C00634A26 /* Products */,
			);
			sourceTree = "<group>";
		};
		DE56AAC02333C22C00634A26 /* Products */ = {
			isa = PBXGroup;
			children = (
				DE56AABF2333C22C00634A26 /* Photorama.app */,
				DE56AAD32333C22D00634A26 /* PhotoramaTests.xctest */,
				DE56AADE2333C22D00634A26 /* PhotoramaUITests.xctest */,
			);
			name = Products;
			sourceTree = "<group>";
		};
		DE56AAC12333C22C00634A26 /* Photorama */ = {
			isa = PBXGroup;
			children = (
				DE56AAC22333C22C00634A26 /* AppDelegate.swift */,
				DE56AAC62333C22C00634A26 /* Main.storyboard */,
				DE56AAC92333C22D00634A26 /* Assets.xcassets */,
				DE56AACB2333C22D00634A26 /* LaunchScreen.storyboard */,
				DE56AACE2333C22D00634A26 /* Info.plist */,
				DE56AAF02333C50A00634A26 /* PhotosViewController.swift */,
				DE56AAF22333C71100634A26 /* FlickrAPI.swift */,
				DE56AAF42333CD5E00634A26 /* PhotoStore.swift */,
				DE56AAF62333D51A00634A26 /* Photo.swift */,
				DE9B475B233A55ED00BA47E1 /* PhotoDataSource.swift */,
				DE4F127C233B954F00651DF1 /* PhotoCollectionViewCell.swift */,
				DE4F127E233BA39800651DF1 /* ImageStore.swift */,
				DE4F1280233BA6B400651DF1 /* PhotoPreviewViewController.swift */,
			);
			path = Photorama;
			sourceTree = "<group>";
		};
		DE56AAD62333C22D00634A26 /* PhotoramaTests */ = {
			isa = PBXGroup;
			children = (
				DE56AAD72333C22D00634A26 /* PhotoramaTests.swift */,
				DE56AAD92333C22D00634A26 /* Info.plist */,
			);
			path = PhotoramaTests;
			sourceTree = "<group>";
		};
		DE56AAE12333C22D00634A26 /* PhotoramaUITests */ = {
			isa = PBXGroup;
			children = (
				DE56AAE22333C22D00634A26 /* PhotoramaUITests.swift */,
				DE56AAE42333C22D00634A26 /* Info.plist */,
			);
			path = PhotoramaUITests;
			sourceTree = "<group>";
		};
/* End PBXGroup section */

/* Begin PBXNativeTarget section */
		DE56AABE2333C22C00634A26 /* Photorama */ = {
			isa = PBXNativeTarget;
			buildConfigurationList = DE56AAE72333C22D00634A26 /* Build configuration list for PBXNativeTarget "Photorama" */;
			buildPhases = (
				DE56AABB2333C22C00634A26 /* Sources */,
				DE56AABC2333C22C00634A26 /* Frameworks */,
				DE56AABD2333C22C00634A26 /* Resources */,
			);
			buildRules = (
			);
			dependencies = (
			);
			name = Photorama;
			productName = Photorama;
			productReference = DE56AABF2333C22C00634A26 /* Photorama.app */;
			productType = "com.apple.product-type.application";
		};
		DE56AAD22333C22D00634A26 /* PhotoramaTests */ = {
			isa = PBXNativeTarget;
			buildConfigurationList = DE56AAEA2333C22D00634A26 /* Build configuration list for PBXNativeTarget "PhotoramaTests" */;
			buildPhases = (
				DE56AACF2333C22D00634A26 /* Sources */,
				DE56AAD02333C22D00634A26 /* Frameworks */,
				DE56AAD12333C22D00634A26 /* Resources */,
			);
			buildRules = (
			);
			dependencies = (
				DE56AAD52333C22D00634A26 /* PBXTargetDependency */,
			);
			name = PhotoramaTests;
			productName = PhotoramaTests;
			productReference = DE56AAD32333C22D00634A26 /* PhotoramaTests.xctest */;
			productType = "com.apple.product-type.bundle.unit-test";
		};
		DE56AADD2333C22D00634A26 /* PhotoramaUITests */ = {
			isa = PBXNativeTarget;
			buildConfigurationList = DE56AAED2333C22D00634A26 /* Build configuration list for PBXNativeTarget "PhotoramaUITests" */;
			buildPhases = (
				DE56AADA2333C22D00634A26 /* Sources */,
				DE56AADB2333C22D00634A26 /* Frameworks */,
				DE56AADC2333C22D00634A26 /* Resources */,
			);
			buildRules = (
			);
			dependencies = (
				DE56AAE02333C22D00634A26 /* PBXTargetDependency */,
			);
			name = PhotoramaUITests;
			productName = PhotoramaUITests;
			productReference = DE56AADE2333C22D00634A26 /* PhotoramaUITests.xctest */;
			productType = "com.apple.product-type.bundle.ui-testing";
		};
/* End PBXNativeTarget section */

/* Begin PBXProject section */
		DE56AAB72333C22C00634A26 /* Project object */ = {
			isa = PBXProject;
			attributes = {
				LastSwiftUpdateCheck = 1030;
				LastUpgradeCheck = 1030;
				ORGANIZATIONNAME = xionghao;
				TargetAttributes = {
					DE56AABE2333C22C00634A26 = {
						CreatedOnToolsVersion = 10.3;
					};
					DE56AAD22333C22D00634A26 = {
						CreatedOnToolsVersion = 10.3;
						TestTargetID = DE56AABE2333C22C00634A26;
					};
					DE56AADD2333C22D00634A26 = {
						CreatedOnToolsVersion = 10.3;
						TestTargetID = DE56AABE2333C22C00634A26;
					};
				};
			};
			buildConfigurationList = DE56AABA2333C22C00634A26 /* Build configuration list for PBXProject "Photorama" */;
			compatibilityVersion = "Xcode 9.3";
			developmentRegion = en;
			hasScannedForEncodings = 0;
			knownRegions = (
				en,
				Base,
			);
			mainGroup = DE56AAB62333C22C00634A26;
			productRefGroup = DE56AAC02333C22C00634A26 /* Products */;
			projectDirPath = "";
			projectRoot = "";
			targets = (
				DE56AABE2333C22C00634A26 /* Photorama */,
				DE56AAD22333C22D00634A26 /* PhotoramaTests */,
				DE56AADD2333C22D00634A26 /* PhotoramaUITests */,
			);
		};
/* End PBXProject section */

/* Begin PBXResourcesBuildPhase section */
		DE56AABD2333C22C00634A26 /* Resources */ = {
			isa = PBXResourcesBuildPhase;
			buildActionMask = 2147483647;
			files = (
				DE56AACD2333C22D00634A26 /* LaunchScreen.storyboard in Resources */,
				DE56AACA2333C22D00634A26 /* Assets.xcassets in Resources */,
				DE56AAC82333C22C00634A26 /* Main.storyboard in Resources */,
			);
			runOnlyForDeploymentPostprocessing = 0;
		};
		DE56AAD12333C22D00634A26 /* Resources */ = {
			isa = PBXResourcesBuildPhase;
			buildActionMask = 2147483647;
			files = (
			);
			runOnlyForDeploymentPostprocessing = 0;
		};
		DE56AADC2333C22D00634A26 /* Resources */ = {
			isa = PBXResourcesBuildPhase;
			buildActionMask = 2147483647;
			files = (
			);
			runOnlyForDeploymentPostprocessing = 0;
		};
/* End PBXResourcesBuildPhase section */

/* Begin PBXSourcesBuildPhase section */
		DE56AABB2333C22C00634A26 /* Sources */ = {
			isa = PBXSourcesBuildPhase;
			buildActionMask = 2147483647;
			files = (
				DE56AAF32333C71100634A26 /* FlickrAPI.swift in Sources */,
				DE56AAF12333C50A00634A26 /* PhotosViewController.swift in Sources */,
				DE56AAF52333CD5E00634A26 /* PhotoStore.swift in Sources */,
				DE4F1281233BA6B400651DF1 /* PhotoPreviewViewController.swift in Sources */,
				DE4F127F233BA39800651DF1 /* ImageStore.swift in Sources */,
				DE9B475C233A55ED00BA47E1 /* PhotoDataSource.swift in Sources */,
				DE4F127D233B954F00651DF1 /* PhotoCollectionViewCell.swift in Sources */,
				DE56AAC32333C22C00634A26 /* AppDelegate.swift in Sources */,
				DE56AAF72333D51A00634A26 /* Photo.swift in Sources */,
			);
			runOnlyForDeploymentPostprocessing = 0;
		};
		DE56AACF2333C22D00634A26 /* Sources */ = {
			isa = PBXSourcesBuildPhase;
			buildActionMask = 2147483647;
			files = (
				DE56AAD82333C22D00634A26 /* PhotoramaTests.swift in Sources */,
			);
			runOnlyForDeploymentPostprocessing = 0;
		};
		DE56AADA2333C22D00634A26 /* Sources */ = {
			isa = PBXSourcesBuildPhase;
			buildActionMask = 2147483647;
			files = (
				DE56AAE32333C22D00634A26 /* PhotoramaUITests.swift in Sources */,
			);
			runOnlyForDeploymentPostprocessing = 0;
		};
/* End PBXSourcesBuildPhase section */

/* Begin PBXTargetDependency section */
		DE56AAD52333C22D00634A26 /* PBXTargetDependency */ = {
			isa = PBXTargetDependency;
			target = DE56AABE2333C22C00634A26 /* Photorama */;
			targetProxy = DE56AAD42333C22D00634A26 /* PBXContainerItemProxy */;
		};
		DE56AAE02333C22D00634A26 /* PBXTargetDependency */ = {
			isa = PBXTargetDependency;
			target = DE56AABE2333C22C00634A26 /* Photorama */;
			targetProxy = DE56AADF2333C22D00634A26 /* PBXContainerItemProxy */;
		};
/* End PBXTargetDependency section */

/* Begin PBXVariantGroup section */
		DE56AAC62333C22C00634A26 /* Main.storyboard */ = {
			isa = PBXVariantGroup;
			children = (
				DE56AAC72333C22C00634A26 /* Base */,
			);
			name = Main.storyboard;
			sourceTree = "<group>";
		};
		DE56AACB2333C22D00634A26 /* LaunchScreen.storyboard */ = {
			isa = PBXVariantGroup;
			children = (
				DE56AACC2333C22D00634A26 /* Base */,
			);
			name = LaunchScreen.storyboard;
			sourceTree = "<group>";
		};
/* End PBXVariantGroup section */

/* Begin XCBuildConfiguration section */
		DE56AAE52333C22D00634A26 /* Debug */ = {
			isa = XCBuildConfiguration;
			buildSettings = {
				ALWAYS_SEARCH_USER_PATHS = NO;
				CLANG_ANALYZER_NONNULL = YES;
				CLANG_ANALYZER_NUMBER_OBJECT_CONVERSION = YES_AGGRESSIVE;
				CLANG_CXX_LANGUAGE_STANDARD = "gnu++14";
				CLANG_CXX_LIBRARY = "libc++";
				CLANG_ENABLE_MODULES = YES;
				CLANG_ENABLE_OBJC_ARC = YES;
				CLANG_ENABLE_OBJC_WEAK = YES;
				CLANG_WARN_BLOCK_CAPTURE_AUTORELEASING = YES;
				CLANG_WARN_BOOL_CONVERSION = YES;
				CLANG_WARN_COMMA = YES;
				CLANG_WARN_CONSTANT_CONVERSION = YES;
				CLANG_WARN_DEPRECATED_OBJC_IMPLEMENTATIONS = YES;
				CLANG_WARN_DIRECT_OBJC_ISA_USAGE = YES_ERROR;
				CLANG_WARN_DOCUMENTATION_COMMENTS = YES;
				CLANG_WARN_EMPTY_BODY = YES;
				CLANG_WARN_ENUM_CONVERSION = YES;
				CLANG_WARN_INFINITE_RECURSION = YES;
				CLANG_WARN_INT_CONVERSION = YES;
				CLANG_WARN_NON_LITERAL_NULL_CONVERSION = YES;
				CLANG_WARN_OBJC_IMPLICIT_RETAIN_SELF = YES;
				CLANG_WARN_OBJC_LITERAL_CONVERSION = YES;
				CLANG_WARN_OBJC_ROOT_CLASS = YES_ERROR;
				CLANG_WARN_RANGE_LOOP_ANALYSIS = YES;
				CLANG_WARN_STRICT_PROTOTYPES = YES;
				CLANG_WARN_SUSPICIOUS_MOVE = YES;
				CLANG_WARN_UNGUARDED_AVAILABILITY = YES_AGGRESSIVE;
				CLANG_WARN_UNREACHABLE_CODE = YES;
				CLANG_WARN__DUPLICATE_METHOD_MATCH = YES;
				CODE_SIGN_IDENTITY = "iPhone Developer";
				COPY_PHASE_STRIP = NO;
				DEBUG_INFORMATION_FORMAT = dwarf;
				ENABLE_STRICT_OBJC_MSGSEND = YES;
				ENABLE_TESTABILITY = YES;
				GCC_C_LANGUAGE_STANDARD = gnu11;
				GCC_DYNAMIC_NO_PIC = NO;
				GCC_NO_COMMON_BLOCKS = YES;
				GCC_OPTIMIZATION_LEVEL = 0;
				GCC_PREPROCESSOR_DEFINITIONS = (
					"DEBUG=1",
					"$(inherited)",
				);
				GCC_WARN_64_TO_32_BIT_CONVERSION = YES;
				GCC_WARN_ABOUT_RETURN_TYPE = YES_ERROR;
				GCC_WARN_UNDECLARED_SELECTOR = YES;
				GCC_WARN_UNINITIALIZED_AUTOS = YES_AGGRESSIVE;
				GCC_WARN_UNUSED_FUNCTION = YES;
				GCC_WARN_UNUSED_VARIABLE = YES;
				IPHONEOS_DEPLOYMENT_TARGET = 12.4;
				MTL_ENABLE_DEBUG_INFO = INCLUDE_SOURCE;
				MTL_FAST_MATH = YES;
				ONLY_ACTIVE_ARCH = YES;
				SDKROOT = iphoneos;
				SWIFT_ACTIVE_COMPILATION_CONDITIONS = DEBUG;
				SWIFT_OPTIMIZATION_LEVEL = "-Onone";
			};
			name = Debug;
		};
		DE56AAE62333C22D00634A26 /* Release */ = {
			isa = XCBuildConfiguration;
			buildSettings = {
				ALWAYS_SEARCH_USER_PATHS = NO;
				CLANG_ANALYZER_NONNULL = YES;
				CLANG_ANALYZER_NUMBER_OBJECT_CONVERSION = YES_AGGRESSIVE;
				CLANG_CXX_LANGUAGE_STANDARD = "gnu++14";
				CLANG_CXX_LIBRARY = "libc++";
				CLANG_ENABLE_MODULES = YES;
				CLANG_ENABLE_OBJC_ARC = YES;
				CLANG_ENABLE_OBJC_WEAK = YES;
				CLANG_WARN_BLOCK_CAPTURE_AUTORELEASING = YES;
				CLANG_WARN_BOOL_CONVERSION = YES;
				CLANG_WARN_COMMA = YES;
				CLANG_WARN_CONSTANT_CONVERSION = YES;
				CLANG_WARN_DEPRECATED_OBJC_IMPLEMENTATIONS = YES;
				CLANG_WARN_DIRECT_OBJC_ISA_USAGE = YES_ERROR;
				CLANG_WARN_DOCUMENTATION_COMMENTS = YES;
				CLANG_WARN_EMPTY_BODY = YES;
				CLANG_WARN_ENUM_CONVERSION = YES;
				CLANG_WARN_INFINITE_RECURSION = YES;
				CLANG_WARN_INT_CONVERSION = YES;
				CLANG_WARN_NON_LITERAL_NULL_CONVERSION = YES;
				CLANG_WARN_OBJC_IMPLICIT_RETAIN_SELF = YES;
				CLANG_WARN_OBJC_LITERAL_CONVERSION = YES;
				CLANG_WARN_OBJC_ROOT_CLASS = YES_ERROR;
				CLANG_WARN_RANGE_LOOP_ANALYSIS = YES;
				CLANG_WARN_STRICT_PROTOTYPES = YES;
				CLANG_WARN_SUSPICIOUS_MOVE = YES;
				CLANG_WARN_UNGUARDED_AVAILABILITY = YES_AGGRESSIVE;
				CLANG_WARN_UNREACHABLE_CODE = YES;
				CLANG_WARN__DUPLICATE_METHOD_MATCH = YES;
				CODE_SIGN_IDENTITY = "iPhone Developer";
				COPY_PHASE_STRIP = NO;
				DEBUG_INFORMATION_FORMAT = "dwarf-with-dsym";
				ENABLE_NS_ASSERTIONS = NO;
				ENABLE_STRICT_OBJC_MSGSEND = YES;
				GCC_C_LANGUAGE_STANDARD = gnu11;
				GCC_NO_COMMON_BLOCKS = YES;
				GCC_WARN_64_TO_32_BIT_CONVERSION = YES;
				GCC_WARN_ABOUT_RETURN_TYPE = YES_ERROR;
				GCC_WARN_UNDECLARED_SELECTOR = YES;
				GCC_WARN_UNINITIALIZED_AUTOS = YES_AGGRESSIVE;
				GCC_WARN_UNUSED_FUNCTION = YES;
				GCC_WARN_UNUSED_VARIABLE = YES;
				IPHONEOS_DEPLOYMENT_TARGET = 12.4;
				MTL_ENABLE_DEBUG_INFO = NO;
				MTL_FAST_MATH = YES;
				SDKROOT = iphoneos;
				SWIFT_COMPILATION_MODE = wholemodule;
				SWIFT_OPTIMIZATION_LEVEL = "-O";
				VALIDATE_PRODUCT = YES;
			};
			name = Release;
		};
		DE56AAE82333C22D00634A26 /* Debug */ = {
			isa = XCBuildConfiguration;
			buildSettings = {
				ASSETCATALOG_COMPILER_APPICON_NAME = AppIcon;
				CODE_SIGN_STYLE = Automatic;
				DEVELOPMENT_TEAM = HNHF89NYJP;
				INFOPLIST_FILE = Photorama/Info.plist;
				LD_RUNPATH_SEARCH_PATHS = (
					"$(inherited)",
					"@executable_path/Frameworks",
				);
				PRODUCT_BUNDLE_IDENTIFIER = xh.zero.Photorama;
				PRODUCT_NAME = "$(TARGET_NAME)";
				SWIFT_VERSION = 5.0;
				TARGETED_DEVICE_FAMILY = "1,2";
			};
			name = Debug;
		};
		DE56AAE92333C22D00634A26 /* Release */ = {
			isa = XCBuildConfiguration;
			buildSettings = {
				ASSETCATALOG_COMPILER_APPICON_NAME = AppIcon;
				CODE_SIGN_STYLE = Automatic;
				DEVELOPMENT_TEAM = HNHF89NYJP;
				INFOPLIST_FILE = Photorama/Info.plist;
				LD_RUNPATH_SEARCH_PATHS = (
					"$(inherited)",
					"@executable_path/Frameworks",
				);
				PRODUCT_BUNDLE_IDENTIFIER = xh.zero.Photorama;
				PRODUCT_NAME = "$(TARGET_NAME)";
				SWIFT_VERSION = 5.0;
				TARGETED_DEVICE_FAMILY = "1,2";
			};
			name = Release;
		};
		DE56AAEB2333C22D00634A26 /* Debug */ = {
			isa = XCBuildConfiguration;
			buildSettings = {
				ALWAYS_EMBED_SWIFT_STANDARD_LIBRARIES = YES;
				BUNDLE_LOADER = "$(TEST_HOST)";
				CODE_SIGN_STYLE = Automatic;
				DEVELOPMENT_TEAM = HNHF89NYJP;
				INFOPLIST_FILE = PhotoramaTests/Info.plist;
				LD_RUNPATH_SEARCH_PATHS = (
					"$(inherited)",
					"@executable_path/Frameworks",
					"@loader_path/Frameworks",
				);
				PRODUCT_BUNDLE_IDENTIFIER = xh.zero.PhotoramaTests;
				PRODUCT_NAME = "$(TARGET_NAME)";
				SWIFT_VERSION = 5.0;
				TARGETED_DEVICE_FAMILY = "1,2";
				TEST_HOST = "$(BUILT_PRODUCTS_DIR)/Photorama.app/Photorama";
			};
			name = Debug;
		};
		DE56AAEC2333C22D00634A26 /* Release */ = {
			isa = XCBuildConfiguration;
			buildSettings = {
				ALWAYS_EMBED_SWIFT_STANDARD_LIBRARIES = YES;
				BUNDLE_LOADER = "$(TEST_HOST)";
				CODE_SIGN_STYLE = Automatic;
				DEVELOPMENT_TEAM = HNHF89NYJP;
				INFOPLIST_FILE = PhotoramaTests/Info.plist;
				LD_RUNPATH_SEARCH_PATHS = (
					"$(inherited)",
					"@executable_path/Frameworks",
					"@loader_path/Frameworks",
				);
				PRODUCT_BUNDLE_IDENTIFIER = xh.zero.PhotoramaTests;
				PRODUCT_NAME = "$(TARGET_NAME)";
				SWIFT_VERSION = 5.0;
				TARGETED_DEVICE_FAMILY = "1,2";
				TEST_HOST = "$(BUILT_PRODUCTS_DIR)/Photorama.app/Photorama";
			};
			name = Release;
		};
		DE56AAEE2333C22D00634A26 /* Debug */ = {
			isa = XCBuildConfiguration;
			buildSettings = {
				ALWAYS_EMBED_SWIFT_STANDARD_LIBRARIES = YES;
				CODE_SIGN_STYLE = Automatic;
				DEVELOPMENT_TEAM = HNHF89NYJP;
				INFOPLIST_FILE = PhotoramaUITests/Info.plist;
				LD_RUNPATH_SEARCH_PATHS = (
					"$(inherited)",
					"@executable_path/Frameworks",
					"@loader_path/Frameworks",
				);
				PRODUCT_BUNDLE_IDENTIFIER = xh.zero.PhotoramaUITests;
				PRODUCT_NAME = "$(TARGET_NAME)";
				SWIFT_VERSION = 5.0;
				TARGETED_DEVICE_FAMILY = "1,2";
				TEST_TARGET_NAME = Photorama;
			};
			name = Debug;
		};
		DE56AAEF2333C22D00634A26 /* Release */ = {
			isa = XCBuildConfiguration;
			buildSettings = {
				ALWAYS_EMBED_SWIFT_STANDARD_LIBRARIES = YES;
				CODE_SIGN_STYLE = Automatic;
				DEVELOPMENT_TEAM = HNHF89NYJP;
				INFOPLIST_FILE = PhotoramaUITests/Info.plist;
				LD_RUNPATH_SEARCH_PATHS = (
					"$(inherited)",
					"@executable_path/Frameworks",
					"@loader_path/Frameworks",
				);
				PRODUCT_BUNDLE_IDENTIFIER = xh.zero.PhotoramaUITests;
				PRODUCT_NAME = "$(TARGET_NAME)";
				SWIFT_VERSION = 5.0;
				TARGETED_DEVICE_FAMILY = "1,2";
				TEST_TARGET_NAME = Photorama;
			};
			name = Release;
		};
/* End XCBuildConfiguration section */

/* Begin XCConfigurationList section */
		DE56AABA2333C22C00634A26 /* Build configuration list for PBXProject "Photorama" */ = {
			isa = XCConfigurationList;
			buildConfigurations = (
				DE56AAE52333C22D00634A26 /* Debug */,
				DE56AAE62333C22D00634A26 /* Release */,
			);
			defaultConfigurationIsVisible = 0;
			defaultConfigurationName = Release;
		};
		DE56AAE72333C22D00634A26 /* Build configuration list for PBXNativeTarget "Photorama" */ = {
			isa = XCConfigurationList;
			buildConfigurations = (
				DE56AAE82333C22D00634A26 /* Debug */,
				DE56AAE92333C22D00634A26 /* Release */,
			);
			defaultConfigurationIsVisible = 0;
			defaultConfigurationName = Release;
		};
		DE56AAEA2333C22D00634A26 /* Build configuration list for PBXNativeTarget "PhotoramaTests" */ = {
			isa = XCConfigurationList;
			buildConfigurations = (
				DE56AAEB2333C22D00634A26 /* Debug */,
				DE56AAEC2333C22D00634A26 /* Release */,
			);
			defaultConfigurationIsVisible = 0;
			defaultConfigurationName = Release;
		};
		DE56AAED2333C22D00634A26 /* Build configuration list for PBXNativeTarget "PhotoramaUITests" */ = {
			isa = XCConfigurationList;
			buildConfigurations = (
				DE56AAEE2333C22D00634A26 /* Debug */,
				DE56AAEF2333C22D00634A26 /* Release */,
			);
			defaultConfigurationIsVisible = 0;
			defaultConfigurationName = Release;
		};
/* End XCConfigurationList section */
	};
	rootObject = DE56AAB72333C22C00634A26 /* Project object */;
}
